
Microsoft Visual Studio Solution File, Format Version 12.00
# Visual Studio Version 16
VisualStudioVersion = 16.0.28711.60
MinimumVisualStudioVersion = 10.0.40219.1
Project("{9A19103F-16F7-4668-BE54-9A1E7A4F7556}") = "FluffySpoon.Extensions.MicrosoftDependencyInjection", "FluffySpoon.Extensions.MicrosoftDependencyInjection\FluffySpoon.Extensions.MicrosoftDependencyInjection.csproj", "{A3087132-2791-4117-8688-0AD095C0411C}"
EndProject
Project("{FAE04EC0-301F-11D3-BF4B-00C04F79EFBC}") = "FluffySpoon.Extensions.MicrosoftDependencyInjection.Tests", "FluffySpoon.Extensions.MicrosoftDependencyInjection.Tests\FluffySpoon.Extensions.MicrosoftDependencyInjection.Tests.csproj", "{07B32F27-C27B-4B54-95F4-483785B80E9A}"
EndProject
Global
	GlobalSection(SolutionConfigurationPlatforms) = preSolution
		Debug|Any CPU = Debug|Any CPU
		Release|Any CPU = Release|Any CPU
	EndGlobalSection
	GlobalSection(ProjectConfigurationPlatforms) = postSolution
		{A3087132-2791-4117-8688-0AD095C0411C}.Debug|Any CPU.ActiveCfg = Debug|Any CPU
		{A3087132-2791-4117-8688-0AD095C0411C}.Debug|Any CPU.Build.0 = Debug|Any CPU
		{A3087132-2791-4117-8688-0AD095C0411C}.Release|Any CPU.ActiveCfg = Release|Any CPU
		{A3087132-2791-4117-8688-0AD095C0411C}.Release|Any CPU.Build.0 = Release|Any CPU
		{07B32F27-C27B-4B54-95F4-483785B80E9A}.Debug|Any CPU.ActiveCfg = Debug|Any CPU
		{07B32F27-C27B-4B54-95F4-483785B80E9A}.Debug|Any CPU.Build.0 = Debug|Any CPU
		{07B32F27-C27B-4B54-95F4-483785B80E9A}.Release|Any CPU.ActiveCfg = Release|Any CPU
		{07B32F27-C27B-4B54-95F4-483785B80E9A}.Release|Any CPU.Build.0 = Release|Any CPU
	EndGlobalSection
	GlobalSection(SolutionProperties) = preSolution
		HideSolutionNode = FALSE
	EndGlobalSection
	GlobalSection(ExtensibilityGlobals) = postSolution
		SolutionGuid = {14F1B435-D800-4F23-B145-259BD15897F2}
	EndGlobalSection
EndGlobal
